
Microsoft Visual Studio Solution File, Format Version 12.00
# Visual Studio Version 17
VisualStudioVersion = 17.4.33213.308
MinimumVisualStudioVersion = 10.0.40219.1
Project("{FAE04EC0-301F-11D3-BF4B-00C04F79EFBC}") = "BEE1043", "BEE1043\BEE1043.csproj", "{4C64D921-012C-4170-8ED1-B8E336065102}"
EndProject
Global
	GlobalSection(SolutionConfigurationPlatforms) = preSolution
		Debug|Any CPU = Debug|Any CPU
		Release|Any CPU = Release|Any CPU
	EndGlobalSection
	GlobalSection(ProjectConfigurationPlatforms) = postSolution
		{4C64D921-012C-4170-8ED1-B8E336065102}.Debug|Any CPU.ActiveCfg = Debug|Any CPU
		{4C64D921-012C-4170-8ED1-B8E336065102}.Debug|Any CPU.Build.0 = Debug|Any CPU
		{4C64D921-012C-4170-8ED1-B8E336065102}.Release|Any CPU.ActiveCfg = Release|Any CPU
		{4C64D921-012C-4170-8ED1-B8E336065102}.Release|Any CPU.Build.0 = Release|Any CPU
	EndGlobalSection
	GlobalSection(SolutionProperties) = preSolution
		HideSolutionNode = FALSE
	EndGlobalSection
	GlobalSection(ExtensibilityGlobals) = postSolution
		SolutionGuid = {7FF8FC01-9D4A-41AF-BF0B-1E75E3F19670}
	EndGlobalSection
EndGlobal
