
Microsoft Visual Studio Solution File, Format Version 12.00
# Visual Studio Version 17
VisualStudioVersion = 17.4.33213.308
MinimumVisualStudioVersion = 10.0.40219.1
Project("{FAE04EC0-301F-11D3-BF4B-00C04F79EFBC}") = "BEE1060", "BEE1060\BEE1060.csproj", "{45DF191C-A180-4C55-BCA0-1386F6A81F67}"
EndProject
Global
	GlobalSection(SolutionConfigurationPlatforms) = preSolution
		Debug|Any CPU = Debug|Any CPU
		Release|Any CPU = Release|Any CPU
	EndGlobalSection
	GlobalSection(ProjectConfigurationPlatforms) = postSolution
		{45DF191C-A180-4C55-BCA0-1386F6A81F67}.Debug|Any CPU.ActiveCfg = Debug|Any CPU
		{45DF191C-A180-4C55-BCA0-1386F6A81F67}.Debug|Any CPU.Build.0 = Debug|Any CPU
		{45DF191C-A180-4C55-BCA0-1386F6A81F67}.Release|Any CPU.ActiveCfg = Release|Any CPU
		{45DF191C-A180-4C55-BCA0-1386F6A81F67}.Release|Any CPU.Build.0 = Release|Any CPU
	EndGlobalSection
	GlobalSection(SolutionProperties) = preSolution
		HideSolutionNode = FALSE
	EndGlobalSection
	GlobalSection(ExtensibilityGlobals) = postSolution
		SolutionGuid = {821DA9AC-A91B-441E-913C-1FFA5D1F0A8F}
	EndGlobalSection
EndGlobal
