
Microsoft Visual Studio Solution File, Format Version 12.00
# Visual Studio Version 17
VisualStudioVersion = 17.4.33213.308
MinimumVisualStudioVersion = 10.0.40219.1
Project("{FAE04EC0-301F-11D3-BF4B-00C04F79EFBC}") = "BEE1097", "BEE1097\BEE1097.csproj", "{286996F1-1353-4828-ADD4-E8F2508E8E8A}"
EndProject
Global
	GlobalSection(SolutionConfigurationPlatforms) = preSolution
		Debug|Any CPU = Debug|Any CPU
		Release|Any CPU = Release|Any CPU
	EndGlobalSection
	GlobalSection(ProjectConfigurationPlatforms) = postSolution
		{286996F1-1353-4828-ADD4-E8F2508E8E8A}.Debug|Any CPU.ActiveCfg = Debug|Any CPU
		{286996F1-1353-4828-ADD4-E8F2508E8E8A}.Debug|Any CPU.Build.0 = Debug|Any CPU
		{286996F1-1353-4828-ADD4-E8F2508E8E8A}.Release|Any CPU.ActiveCfg = Release|Any CPU
		{286996F1-1353-4828-ADD4-E8F2508E8E8A}.Release|Any CPU.Build.0 = Release|Any CPU
	EndGlobalSection
	GlobalSection(SolutionProperties) = preSolution
		HideSolutionNode = FALSE
	EndGlobalSection
	GlobalSection(ExtensibilityGlobals) = postSolution
		SolutionGuid = {B6E2A140-578C-4F7B-9D33-DE8D376F4444}
	EndGlobalSection
EndGlobal
