
Microsoft Visual Studio Solution File, Format Version 12.00
# Visual Studio Version 17
VisualStudioVersion = 17.4.33213.308
MinimumVisualStudioVersion = 10.0.40219.1
Project("{FAE04EC0-301F-11D3-BF4B-00C04F79EFBC}") = "BEE1067", "BEE1067\BEE1067.csproj", "{76533861-A842-4747-95B3-D1C101204354}"
EndProject
Global
	GlobalSection(SolutionConfigurationPlatforms) = preSolution
		Debug|Any CPU = Debug|Any CPU
		Release|Any CPU = Release|Any CPU
	EndGlobalSection
	GlobalSection(ProjectConfigurationPlatforms) = postSolution
		{76533861-A842-4747-95B3-D1C101204354}.Debug|Any CPU.ActiveCfg = Debug|Any CPU
		{76533861-A842-4747-95B3-D1C101204354}.Debug|Any CPU.Build.0 = Debug|Any CPU
		{76533861-A842-4747-95B3-D1C101204354}.Release|Any CPU.ActiveCfg = Release|Any CPU
		{76533861-A842-4747-95B3-D1C101204354}.Release|Any CPU.Build.0 = Release|Any CPU
	EndGlobalSection
	GlobalSection(SolutionProperties) = preSolution
		HideSolutionNode = FALSE
	EndGlobalSection
	GlobalSection(ExtensibilityGlobals) = postSolution
		SolutionGuid = {27D1D76C-855A-4B35-ACBE-6646C99C8A8E}
	EndGlobalSection
EndGlobal
