
Microsoft Visual Studio Solution File, Format Version 12.00
# Visual Studio Version 17
VisualStudioVersion = 17.4.33213.308
MinimumVisualStudioVersion = 10.0.40219.1
Project("{FAE04EC0-301F-11D3-BF4B-00C04F79EFBC}") = "BEE1048", "BEE1048\BEE1048.csproj", "{BA3493E4-F47E-4B77-BEEA-63C57F287FAC}"
EndProject
Global
	GlobalSection(SolutionConfigurationPlatforms) = preSolution
		Debug|Any CPU = Debug|Any CPU
		Release|Any CPU = Release|Any CPU
	EndGlobalSection
	GlobalSection(ProjectConfigurationPlatforms) = postSolution
		{BA3493E4-F47E-4B77-BEEA-63C57F287FAC}.Debug|Any CPU.ActiveCfg = Debug|Any CPU
		{BA3493E4-F47E-4B77-BEEA-63C57F287FAC}.Debug|Any CPU.Build.0 = Debug|Any CPU
		{BA3493E4-F47E-4B77-BEEA-63C57F287FAC}.Release|Any CPU.ActiveCfg = Release|Any CPU
		{BA3493E4-F47E-4B77-BEEA-63C57F287FAC}.Release|Any CPU.Build.0 = Release|Any CPU
	EndGlobalSection
	GlobalSection(SolutionProperties) = preSolution
		HideSolutionNode = FALSE
	EndGlobalSection
	GlobalSection(ExtensibilityGlobals) = postSolution
		SolutionGuid = {BAF2DB8E-F190-4D1C-BD99-F6D29EC4B4F3}
	EndGlobalSection
EndGlobal
