
Microsoft Visual Studio Solution File, Format Version 12.00
# Visual Studio Version 17
VisualStudioVersion = 17.4.33213.308
MinimumVisualStudioVersion = 10.0.40219.1
Project("{FAE04EC0-301F-11D3-BF4B-00C04F79EFBC}") = "BEE1099", "BEE1099\BEE1099.csproj", "{5A7421FA-9C22-4FA2-890D-76E8CE0D327C}"
EndProject
Global
	GlobalSection(SolutionConfigurationPlatforms) = preSolution
		Debug|Any CPU = Debug|Any CPU
		Release|Any CPU = Release|Any CPU
	EndGlobalSection
	GlobalSection(ProjectConfigurationPlatforms) = postSolution
		{5A7421FA-9C22-4FA2-890D-76E8CE0D327C}.Debug|Any CPU.ActiveCfg = Debug|Any CPU
		{5A7421FA-9C22-4FA2-890D-76E8CE0D327C}.Debug|Any CPU.Build.0 = Debug|Any CPU
		{5A7421FA-9C22-4FA2-890D-76E8CE0D327C}.Release|Any CPU.ActiveCfg = Release|Any CPU
		{5A7421FA-9C22-4FA2-890D-76E8CE0D327C}.Release|Any CPU.Build.0 = Release|Any CPU
	EndGlobalSection
	GlobalSection(SolutionProperties) = preSolution
		HideSolutionNode = FALSE
	EndGlobalSection
	GlobalSection(ExtensibilityGlobals) = postSolution
		SolutionGuid = {0D67BD69-0DFB-4A0F-918B-F456C02A1139}
	EndGlobalSection
EndGlobal
