
Microsoft Visual Studio Solution File, Format Version 12.00
# Visual Studio Version 17
VisualStudioVersion = 17.4.33213.308
MinimumVisualStudioVersion = 10.0.40219.1
Project("{FAE04EC0-301F-11D3-BF4B-00C04F79EFBC}") = "BEE1101", "BEE1101\BEE1101.csproj", "{D68E04CF-DADE-4A68-863E-3ECF8D441382}"
EndProject
Global
	GlobalSection(SolutionConfigurationPlatforms) = preSolution
		Debug|Any CPU = Debug|Any CPU
		Release|Any CPU = Release|Any CPU
	EndGlobalSection
	GlobalSection(ProjectConfigurationPlatforms) = postSolution
		{D68E04CF-DADE-4A68-863E-3ECF8D441382}.Debug|Any CPU.ActiveCfg = Debug|Any CPU
		{D68E04CF-DADE-4A68-863E-3ECF8D441382}.Debug|Any CPU.Build.0 = Debug|Any CPU
		{D68E04CF-DADE-4A68-863E-3ECF8D441382}.Release|Any CPU.ActiveCfg = Release|Any CPU
		{D68E04CF-DADE-4A68-863E-3ECF8D441382}.Release|Any CPU.Build.0 = Release|Any CPU
	EndGlobalSection
	GlobalSection(SolutionProperties) = preSolution
		HideSolutionNode = FALSE
	EndGlobalSection
	GlobalSection(ExtensibilityGlobals) = postSolution
		SolutionGuid = {06039C04-FA7F-4EAA-A761-D3DABD43EAEB}
	EndGlobalSection
EndGlobal
