
Microsoft Visual Studio Solution File, Format Version 12.00
# Visual Studio Version 17
VisualStudioVersion = 17.4.33213.308
MinimumVisualStudioVersion = 10.0.40219.1
Project("{FAE04EC0-301F-11D3-BF4B-00C04F79EFBC}") = "Beecrowd1006", "Beecrowd1006\Beecrowd1006.csproj", "{B948CEE9-B60A-45C5-8F3B-28BF3A4E32CE}"
EndProject
Global
	GlobalSection(SolutionConfigurationPlatforms) = preSolution
		Debug|Any CPU = Debug|Any CPU
		Release|Any CPU = Release|Any CPU
	EndGlobalSection
	GlobalSection(ProjectConfigurationPlatforms) = postSolution
		{B948CEE9-B60A-45C5-8F3B-28BF3A4E32CE}.Debug|Any CPU.ActiveCfg = Debug|Any CPU
		{B948CEE9-B60A-45C5-8F3B-28BF3A4E32CE}.Debug|Any CPU.Build.0 = Debug|Any CPU
		{B948CEE9-B60A-45C5-8F3B-28BF3A4E32CE}.Release|Any CPU.ActiveCfg = Release|Any CPU
		{B948CEE9-B60A-45C5-8F3B-28BF3A4E32CE}.Release|Any CPU.Build.0 = Release|Any CPU
	EndGlobalSection
	GlobalSection(SolutionProperties) = preSolution
		HideSolutionNode = FALSE
	EndGlobalSection
	GlobalSection(ExtensibilityGlobals) = postSolution
		SolutionGuid = {A6AB5CCE-15CF-4DB7-B0CA-5986D12C8123}
	EndGlobalSection
EndGlobal
