
Microsoft Visual Studio Solution File, Format Version 12.00
# Visual Studio Version 17
VisualStudioVersion = 17.4.33213.308
MinimumVisualStudioVersion = 10.0.40219.1
Project("{FAE04EC0-301F-11D3-BF4B-00C04F79EFBC}") = "Bee1017", "Bee1017\Bee1017.csproj", "{0E386803-6088-4F18-A147-3444D994843E}"
EndProject
Global
	GlobalSection(SolutionConfigurationPlatforms) = preSolution
		Debug|Any CPU = Debug|Any CPU
		Release|Any CPU = Release|Any CPU
	EndGlobalSection
	GlobalSection(ProjectConfigurationPlatforms) = postSolution
		{0E386803-6088-4F18-A147-3444D994843E}.Debug|Any CPU.ActiveCfg = Debug|Any CPU
		{0E386803-6088-4F18-A147-3444D994843E}.Debug|Any CPU.Build.0 = Debug|Any CPU
		{0E386803-6088-4F18-A147-3444D994843E}.Release|Any CPU.ActiveCfg = Release|Any CPU
		{0E386803-6088-4F18-A147-3444D994843E}.Release|Any CPU.Build.0 = Release|Any CPU
	EndGlobalSection
	GlobalSection(SolutionProperties) = preSolution
		HideSolutionNode = FALSE
	EndGlobalSection
	GlobalSection(ExtensibilityGlobals) = postSolution
		SolutionGuid = {42047204-B8C7-4761-A3EE-4F1453A97AF7}
	EndGlobalSection
EndGlobal
