
Microsoft Visual Studio Solution File, Format Version 12.00
# Visual Studio Version 17
VisualStudioVersion = 17.4.33213.308
MinimumVisualStudioVersion = 10.0.40219.1
Project("{FAE04EC0-301F-11D3-BF4B-00C04F79EFBC}") = "BEE1041", "BEE1041\BEE1041.csproj", "{752A6E06-2B3A-458A-9F35-8AABAA06A89A}"
EndProject
Global
	GlobalSection(SolutionConfigurationPlatforms) = preSolution
		Debug|Any CPU = Debug|Any CPU
		Release|Any CPU = Release|Any CPU
	EndGlobalSection
	GlobalSection(ProjectConfigurationPlatforms) = postSolution
		{752A6E06-2B3A-458A-9F35-8AABAA06A89A}.Debug|Any CPU.ActiveCfg = Debug|Any CPU
		{752A6E06-2B3A-458A-9F35-8AABAA06A89A}.Debug|Any CPU.Build.0 = Debug|Any CPU
		{752A6E06-2B3A-458A-9F35-8AABAA06A89A}.Release|Any CPU.ActiveCfg = Release|Any CPU
		{752A6E06-2B3A-458A-9F35-8AABAA06A89A}.Release|Any CPU.Build.0 = Release|Any CPU
	EndGlobalSection
	GlobalSection(SolutionProperties) = preSolution
		HideSolutionNode = FALSE
	EndGlobalSection
	GlobalSection(ExtensibilityGlobals) = postSolution
		SolutionGuid = {7156D8FC-86FE-41FC-9ECA-3678C37F7A39}
	EndGlobalSection
EndGlobal
