
Microsoft Visual Studio Solution File, Format Version 12.00
# Visual Studio Version 17
VisualStudioVersion = 17.4.33213.308
MinimumVisualStudioVersion = 10.0.40219.1
Project("{FAE04EC0-301F-11D3-BF4B-00C04F79EFBC}") = "BEE1075", "BEE1075\BEE1075.csproj", "{B0C42F65-80EE-4747-8C73-96B4EA44B126}"
EndProject
Global
	GlobalSection(SolutionConfigurationPlatforms) = preSolution
		Debug|Any CPU = Debug|Any CPU
		Release|Any CPU = Release|Any CPU
	EndGlobalSection
	GlobalSection(ProjectConfigurationPlatforms) = postSolution
		{B0C42F65-80EE-4747-8C73-96B4EA44B126}.Debug|Any CPU.ActiveCfg = Debug|Any CPU
		{B0C42F65-80EE-4747-8C73-96B4EA44B126}.Debug|Any CPU.Build.0 = Debug|Any CPU
		{B0C42F65-80EE-4747-8C73-96B4EA44B126}.Release|Any CPU.ActiveCfg = Release|Any CPU
		{B0C42F65-80EE-4747-8C73-96B4EA44B126}.Release|Any CPU.Build.0 = Release|Any CPU
	EndGlobalSection
	GlobalSection(SolutionProperties) = preSolution
		HideSolutionNode = FALSE
	EndGlobalSection
	GlobalSection(ExtensibilityGlobals) = postSolution
		SolutionGuid = {33F76ACF-B2A6-4DDF-AF9C-9FF9AEA4343C}
	EndGlobalSection
EndGlobal
