
Microsoft Visual Studio Solution File, Format Version 12.00
# Visual Studio Version 17
VisualStudioVersion = 17.4.33213.308
MinimumVisualStudioVersion = 10.0.40219.1
Project("{FAE04EC0-301F-11D3-BF4B-00C04F79EFBC}") = "BEE1070", "BEE1070\BEE1070.csproj", "{CC95B9F3-7ED7-448A-BC96-59BDB35DD686}"
EndProject
Global
	GlobalSection(SolutionConfigurationPlatforms) = preSolution
		Debug|Any CPU = Debug|Any CPU
		Release|Any CPU = Release|Any CPU
	EndGlobalSection
	GlobalSection(ProjectConfigurationPlatforms) = postSolution
		{CC95B9F3-7ED7-448A-BC96-59BDB35DD686}.Debug|Any CPU.ActiveCfg = Debug|Any CPU
		{CC95B9F3-7ED7-448A-BC96-59BDB35DD686}.Debug|Any CPU.Build.0 = Debug|Any CPU
		{CC95B9F3-7ED7-448A-BC96-59BDB35DD686}.Release|Any CPU.ActiveCfg = Release|Any CPU
		{CC95B9F3-7ED7-448A-BC96-59BDB35DD686}.Release|Any CPU.Build.0 = Release|Any CPU
	EndGlobalSection
	GlobalSection(SolutionProperties) = preSolution
		HideSolutionNode = FALSE
	EndGlobalSection
	GlobalSection(ExtensibilityGlobals) = postSolution
		SolutionGuid = {04218C0F-0709-43A8-8FF7-1D77E3C554B6}
	EndGlobalSection
EndGlobal
