
Microsoft Visual Studio Solution File, Format Version 12.00
# Visual Studio Version 17
VisualStudioVersion = 17.4.33213.308
MinimumVisualStudioVersion = 10.0.40219.1
Project("{FAE04EC0-301F-11D3-BF4B-00C04F79EFBC}") = "BEE1118", "BEE1118\BEE1118.csproj", "{5C27F883-B3BE-4C3B-B29E-2956E818C985}"
EndProject
Global
	GlobalSection(SolutionConfigurationPlatforms) = preSolution
		Debug|Any CPU = Debug|Any CPU
		Release|Any CPU = Release|Any CPU
	EndGlobalSection
	GlobalSection(ProjectConfigurationPlatforms) = postSolution
		{5C27F883-B3BE-4C3B-B29E-2956E818C985}.Debug|Any CPU.ActiveCfg = Debug|Any CPU
		{5C27F883-B3BE-4C3B-B29E-2956E818C985}.Debug|Any CPU.Build.0 = Debug|Any CPU
		{5C27F883-B3BE-4C3B-B29E-2956E818C985}.Release|Any CPU.ActiveCfg = Release|Any CPU
		{5C27F883-B3BE-4C3B-B29E-2956E818C985}.Release|Any CPU.Build.0 = Release|Any CPU
	EndGlobalSection
	GlobalSection(SolutionProperties) = preSolution
		HideSolutionNode = FALSE
	EndGlobalSection
	GlobalSection(ExtensibilityGlobals) = postSolution
		SolutionGuid = {31C08C1A-24DC-4BB2-873B-3A4FDCEB87F0}
	EndGlobalSection
EndGlobal
